
Microsoft Visual Studio Solution File, Format Version 12.00
# Visual Studio Version 17
VisualStudioVersion = 17.8.34330.188
MinimumVisualStudioVersion = 10.0.40219.1
Project("{FAE04EC0-301F-11D3-BF4B-00C04F79EFBC}") = "SampleLogger", "SampleLogger.csproj", "{9EDAE31A-0F3D-4E11-9E46-470A570DBBAD}"
EndProject
Global
	GlobalSection(SolutionConfigurationPlatforms) = preSolution
		Debug|Any CPU = Debug|Any CPU
		Release|Any CPU = Release|Any CPU
	EndGlobalSection
	GlobalSection(ProjectConfigurationPlatforms) = postSolution
		{9EDAE31A-0F3D-4E11-9E46-470A570DBBAD}.Debug|Any CPU.ActiveCfg = Debug|Any CPU
		{9EDAE31A-0F3D-4E11-9E46-470A570DBBAD}.Debug|Any CPU.Build.0 = Debug|Any CPU
		{9EDAE31A-0F3D-4E11-9E46-470A570DBBAD}.Release|Any CPU.ActiveCfg = Release|Any CPU
		{9EDAE31A-0F3D-4E11-9E46-470A570DBBAD}.Release|Any CPU.Build.0 = Release|Any CPU
	EndGlobalSection
	GlobalSection(SolutionProperties) = preSolution
		HideSolutionNode = FALSE
	EndGlobalSection
	GlobalSection(ExtensibilityGlobals) = postSolution
		SolutionGuid = {D6792A15-F31F-403B-8F70-CD22DD532861}
	EndGlobalSection
EndGlobal
